# This file is automatically @generated by Cargo.
# It is not intended for manual editing.
version = 4

[[package]]
name = "botanica"
version = "0.1.0"
dependencies = [
 "dsp-core",
]

[[package]]
name = "dsp-core"
version = "0.1.0"

[[package]]
name = "dsp-wasm"
version = "0.1.0"
dependencies = [
 "botanica",
 "dsp-core",
 "phaseplan",
]

[[package]]
name = "phaseplan"
version = "0.1.0"
dependencies = [
 "dsp-core",
]
